
Microsoft Visual Studio Solution File, Format Version 12.00
# Blend for Visual Studio Version 17
VisualStudioVersion = 17.8.34511.84
MinimumVisualStudioVersion = 10.0.40219.1
Project("{FAE04EC0-301F-11D3-BF4B-00C04F79EFBC}") = "Computer Labs Sketch", "Computer Labs Sketch\Computer Labs Sketch.csproj", "{B40A972B-976E-487B-A16A-42B5C5D923A6}"
EndProject
Global
	GlobalSection(SolutionConfigurationPlatforms) = preSolution
		Debug|Any CPU = Debug|Any CPU
		Release|Any CPU = Release|Any CPU
	EndGlobalSection
	GlobalSection(ProjectConfigurationPlatforms) = postSolution
		{B40A972B-976E-487B-A16A-42B5C5D923A6}.Debug|Any CPU.ActiveCfg = Debug|Any CPU
		{B40A972B-976E-487B-A16A-42B5C5D923A6}.Debug|Any CPU.Build.0 = Debug|Any CPU
		{B40A972B-976E-487B-A16A-42B5C5D923A6}.Release|Any CPU.ActiveCfg = Release|Any CPU
		{B40A972B-976E-487B-A16A-42B5C5D923A6}.Release|Any CPU.Build.0 = Release|Any CPU
	EndGlobalSection
	GlobalSection(SolutionProperties) = preSolution
		HideSolutionNode = FALSE
	EndGlobalSection
	GlobalSection(ExtensibilityGlobals) = postSolution
		SolutionGuid = {1B4BBC87-F328-4B30-AEB9-54C2476C8896}
	EndGlobalSection
EndGlobal
